
Microsoft Visual Studio Solution File, Format Version 12.00
# Visual Studio Version 17
VisualStudioVersion = 17.1.32319.34
MinimumVisualStudioVersion = 10.0.40219.1
Project("{9A19103F-16F7-4668-BE54-9A1E7A4F7556}") = "GraphSharp", "GraphSharp\GraphSharp.csproj", "{C85EBC91-DD66-48AD-B479-9F0267E21102}"
EndProject
Global
	GlobalSection(SolutionConfigurationPlatforms) = preSolution
		Debug|Any CPU = Debug|Any CPU
		Release|Any CPU = Release|Any CPU
	EndGlobalSection
	GlobalSection(ProjectConfigurationPlatforms) = postSolution
		{C85EBC91-DD66-48AD-B479-9F0267E21102}.Debug|Any CPU.ActiveCfg = Debug|Any CPU
		{C85EBC91-DD66-48AD-B479-9F0267E21102}.Debug|Any CPU.Build.0 = Debug|Any CPU
		{C85EBC91-DD66-48AD-B479-9F0267E21102}.Release|Any CPU.ActiveCfg = Release|Any CPU
		{C85EBC91-DD66-48AD-B479-9F0267E21102}.Release|Any CPU.Build.0 = Release|Any CPU
	EndGlobalSection
	GlobalSection(SolutionProperties) = preSolution
		HideSolutionNode = FALSE
	EndGlobalSection
	GlobalSection(ExtensibilityGlobals) = postSolution
		SolutionGuid = {195BFF62-7954-4A87-A464-59C5B8286FCE}
	EndGlobalSection
EndGlobal
